
Microsoft Visual Studio Solution File, Format Version 12.00
# Visual Studio Version 16
VisualStudioVersion = 16.0.31105.61
MinimumVisualStudioVersion = 10.0.40219.1
Project("{9A19103F-16F7-4668-BE54-9A1E7A4F7556}") = "AadWebAppFactoryExample.Api", "AadWebAppFactoryExample.Api\AadWebAppFactoryExample.Api.csproj", "{7B0A2041-0DED-4C43-BD56-D3C2D0AA4034}"
EndProject
Global
	GlobalSection(SolutionConfigurationPlatforms) = preSolution
		Debug|Any CPU = Debug|Any CPU
		Release|Any CPU = Release|Any CPU
	EndGlobalSection
	GlobalSection(ProjectConfigurationPlatforms) = postSolution
		{7B0A2041-0DED-4C43-BD56-D3C2D0AA4034}.Debug|Any CPU.ActiveCfg = Debug|Any CPU
		{7B0A2041-0DED-4C43-BD56-D3C2D0AA4034}.Debug|Any CPU.Build.0 = Debug|Any CPU
		{7B0A2041-0DED-4C43-BD56-D3C2D0AA4034}.Release|Any CPU.ActiveCfg = Release|Any CPU
		{7B0A2041-0DED-4C43-BD56-D3C2D0AA4034}.Release|Any CPU.Build.0 = Release|Any CPU
	EndGlobalSection
	GlobalSection(SolutionProperties) = preSolution
		HideSolutionNode = FALSE
	EndGlobalSection
	GlobalSection(ExtensibilityGlobals) = postSolution
		SolutionGuid = {D12BCF4B-ABDC-499E-A31F-63248F355614}
	EndGlobalSection
EndGlobal
